// !$*UTF8*$!
{
	archiveVersion = 1;
	classes = {
	};
	objectVersion = 56;
	objects = {

/* Begin PBXBuildFile section */
		6B81B1722D79DCBA0034BCB9 /* AppDelegate.swift in Sources */ = {isa = PBXBuildFile; fileRef = 6B81B1712D79DCBA0034BCB9 /* AppDelegate.swift */; };
		6B81B1742D79DCBA0034BCB9 /* SceneDelegate.swift in Sources */ = {isa = PBXBuildFile; fileRef = 6B81B1732D79DCBA0034BCB9 /* SceneDelegate.swift */; };
		6B81B1762D79DCBA0034BCB9 /* ViewController.swift in Sources */ = {isa = PBXBuildFile; fileRef = 6B81B1752D79DCBA0034BCB9 /* ViewController.swift */; };
		6B81B1792D79DCBA0034BCB9 /* Base in Resources */ = {isa = PBXBuildFile; fileRef = 6B81B1782D79DCBA0034BCB9 /* Base */; };
		6B81B17B2D79DCBB0034BCB9 /* Assets.xcassets in Resources */ = {isa = PBXBuildFile; fileRef = 6B81B17A2D79DCBB0034BCB9 /* Assets.xcassets */; };
		6B81B17E2D79DCBB0034BCB9 /* Base in Resources */ = {isa = PBXBuildFile; fileRef = 6B81B17D2D79DCBB0034BCB9 /* Base */; };
		6B81B1892D79DCBB0034BCB9 /* ComicsAppTests.swift in Sources */ = {isa = PBXBuildFile; fileRef = 6B81B1882D79DCBB0034BCB9 /* ComicsAppTests.swift */; };
		6B81B1932D79DCBB0034BCB9 /* ComicsAppUITests.swift in Sources */ = {isa = PBXBuildFile; fileRef = 6B81B1922D79DCBB0034BCB9 /* ComicsAppUITests.swift */; };
		6B81B1952D79DCBB0034BCB9 /* ComicsAppUITestsLaunchTests.swift in Sources */ = {isa = PBXBuildFile; fileRef = 6B81B1942D79DCBB0034BCB9 /* ComicsAppUITestsLaunchTests.swift */; };
		6D566B692D7B3A8F007A45EE /* Assets.xcassets in Resources */ = {isa = PBXBuildFile; fileRef = 6D566B4D2D7B3A8F007A45EE /* Assets.xcassets */; };
		6D566B6A2D7B3A8F007A45EE /* RickAndMortyMainScreenViewController.xib in Resources */ = {isa = PBXBuildFile; fileRef = 6D566B642D7B3A8F007A45EE /* RickAndMortyMainScreenViewController.xib */; };
		6D566B6B2D7B3A8F007A45EE /* LaunchScreen.storyboard in Resources */ = {isa = PBXBuildFile; fileRef = 6D566B4F2D7B3A8F007A45EE /* LaunchScreen.storyboard */; };
		6D566B6C2D7B3A8F007A45EE /* Main.storyboard in Resources */ = {isa = PBXBuildFile; fileRef = 6D566B512D7B3A8F007A45EE /* Main.storyboard */; };
		6D566B6D2D7B3A8F007A45EE /* PokeCellTableViewCell.xib in Resources */ = {isa = PBXBuildFile; fileRef = 6D566B602D7B3A8F007A45EE /* PokeCellTableViewCell.xib */; };
		6D566B6E2D7B3A8F007A45EE /* PokeDexMainScreenViewController.xib in Resources */ = {isa = PBXBuildFile; fileRef = 6D566B612D7B3A8F007A45EE /* PokeDexMainScreenViewController.xib */; };
		6D566B6F2D7B3A8F007A45EE /* ViewController.swift in Sources */ = {isa = PBXBuildFile; fileRef = 6D566B672D7B3A8F007A45EE /* ViewController.swift */; };
		6D566B702D7B3A8F007A45EE /* PokeDexMainScreenViewController.swift in Sources */ = {isa = PBXBuildFile; fileRef = 6D566B542D7B3A8F007A45EE /* PokeDexMainScreenViewController.swift */; };
		6D566B712D7B3A8F007A45EE /* MainViewModel.swift in Sources */ = {isa = PBXBuildFile; fileRef = 6D566B5C2D7B3A8F007A45EE /* MainViewModel.swift */; };
		6D566B722D7B3A8F007A45EE /* RickAndMortyMainScreenViewController.swift in Sources */ = {isa = PBXBuildFile; fileRef = 6D566B632D7B3A8F007A45EE /* RickAndMortyMainScreenViewController.swift */; };
		6D566B732D7B3A8F007A45EE /* PokeCellTableViewCell.swift in Sources */ = {isa = PBXBuildFile; fileRef = 6D566B5F2D7B3A8F007A45EE /* PokeCellTableViewCell.swift */; };
		6D566B742D7B3A8F007A45EE /* SpeciesViewModel.swift in Sources */ = {isa = PBXBuildFile; fileRef = 6D566B5D2D7B3A8F007A45EE /* SpeciesViewModel.swift */; };
		6D566B752D7B3A8F007A45EE /* SpeciesList.swift in Sources */ = {isa = PBXBuildFile; fileRef = 6D566B572D7B3A8F007A45EE /* SpeciesList.swift */; };
		6D566B762D7B3A8F007A45EE /* PokemonSpecies.swift in Sources */ = {isa = PBXBuildFile; fileRef = 6D566B562D7B3A8F007A45EE /* PokemonSpecies.swift */; };
		6D566B772D7B3A8F007A45EE /* NetworkConstants.swift in Sources */ = {isa = PBXBuildFile; fileRef = 6D566B5A2D7B3A8F007A45EE /* NetworkConstants.swift */; };
		6D566B782D7B3A8F007A45EE /* ApiCaller.swift in Sources */ = {isa = PBXBuildFile; fileRef = 6D566B592D7B3A8F007A45EE /* ApiCaller.swift */; };
		6D566B792D7B3A8F007A45EE /* AppDelegate.swift in Sources */ = {isa = PBXBuildFile; fileRef = 6D566B4C2D7B3A8F007A45EE /* AppDelegate.swift */; };
		6D566B7A2D7B3A8F007A45EE /* SceneDelegate.swift in Sources */ = {isa = PBXBuildFile; fileRef = 6D566B662D7B3A8F007A45EE /* SceneDelegate.swift */; };
		6D566B7E2D7B3AC2007A45EE /* MarvelMainScreenViewController.xib in Resources */ = {isa = PBXBuildFile; fileRef = 6D566B7C2D7B3AC2007A45EE /* MarvelMainScreenViewController.xib */; };
		6D566B7F2D7B3AC2007A45EE /* MarvelMainScreenViewController.swift in Sources */ = {isa = PBXBuildFile; fileRef = 6D566B7B2D7B3AC2007A45EE /* MarvelMainScreenViewController.swift */; };
		7C0A84D1BAFFB86E767962BD /* Pods_ComicsApp.framework in Frameworks */ = {isa = PBXBuildFile; fileRef = 743BEEF329E0D745DBA0B76A /* Pods_ComicsApp.framework */; };
		A9616A729504C208E773CB2E /* Pods_ComicsApp_ComicsAppUITests.framework in Frameworks */ = {isa = PBXBuildFile; fileRef = 7ED063F5AD5AA4A10D3EE834 /* Pods_ComicsApp_ComicsAppUITests.framework */; };
		B559A30E4DED885D0881B5AF /* Pods_ComicsAppTests.framework in Frameworks */ = {isa = PBXBuildFile; fileRef = 0B37627B709F317A472986FF /* Pods_ComicsAppTests.framework */; };
/* End PBXBuildFile section */

/* Begin PBXContainerItemProxy section */
		6B81B1852D79DCBB0034BCB9 /* PBXContainerItemProxy */ = {
			isa = PBXContainerItemProxy;
			containerPortal = 6B81B1662D79DCBA0034BCB9 /* Project object */;
			proxyType = 1;
			remoteGlobalIDString = 6B81B16D2D79DCBA0034BCB9;
			remoteInfo = ComicsApp;
		};
		6B81B18F2D79DCBB0034BCB9 /* PBXContainerItemProxy */ = {
			isa = PBXContainerItemProxy;
			containerPortal = 6B81B1662D79DCBA0034BCB9 /* Project object */;
			proxyType = 1;
			remoteGlobalIDString = 6B81B16D2D79DCBA0034BCB9;
			remoteInfo = ComicsApp;
		};
/* End PBXContainerItemProxy section */

/* Begin PBXFileReference section */
		0B37627B709F317A472986FF /* Pods_ComicsAppTests.framework */ = {isa = PBXFileReference; explicitFileType = wrapper.framework; includeInIndex = 0; path = Pods_ComicsAppTests.framework; sourceTree = BUILT_PRODUCTS_DIR; };
		211C63AC9E674072205D2A13 /* Pods-ComicsAppTests.release.xcconfig */ = {isa = PBXFileReference; includeInIndex = 1; lastKnownFileType = text.xcconfig; name = "Pods-ComicsAppTests.release.xcconfig"; path = "Target Support Files/Pods-ComicsAppTests/Pods-ComicsAppTests.release.xcconfig"; sourceTree = "<group>"; };
		46314216226167D9F9FA5500 /* Pods-ComicsApp.release.xcconfig */ = {isa = PBXFileReference; includeInIndex = 1; lastKnownFileType = text.xcconfig; name = "Pods-ComicsApp.release.xcconfig"; path = "Target Support Files/Pods-ComicsApp/Pods-ComicsApp.release.xcconfig"; sourceTree = "<group>"; };
		64C99FF7E8157E96EE83C38A /* Pods-ComicsAppTests.debug.xcconfig */ = {isa = PBXFileReference; includeInIndex = 1; lastKnownFileType = text.xcconfig; name = "Pods-ComicsAppTests.debug.xcconfig"; path = "Target Support Files/Pods-ComicsAppTests/Pods-ComicsAppTests.debug.xcconfig"; sourceTree = "<group>"; };
		6B81B16E2D79DCBA0034BCB9 /* ComicsApp.app */ = {isa = PBXFileReference; explicitFileType = wrapper.application; includeInIndex = 0; path = ComicsApp.app; sourceTree = BUILT_PRODUCTS_DIR; };
		6B81B1712D79DCBA0034BCB9 /* AppDelegate.swift */ = {isa = PBXFileReference; lastKnownFileType = sourcecode.swift; path = AppDelegate.swift; sourceTree = "<group>"; };
		6B81B1732D79DCBA0034BCB9 /* SceneDelegate.swift */ = {isa = PBXFileReference; lastKnownFileType = sourcecode.swift; path = SceneDelegate.swift; sourceTree = "<group>"; };
		6B81B1752D79DCBA0034BCB9 /* ViewController.swift */ = {isa = PBXFileReference; lastKnownFileType = sourcecode.swift; path = ViewController.swift; sourceTree = "<group>"; };
		6B81B1782D79DCBA0034BCB9 /* Base */ = {isa = PBXFileReference; lastKnownFileType = file.storyboard; name = Base; path = Base.lproj/Main.storyboard; sourceTree = "<group>"; };
		6B81B17A2D79DCBB0034BCB9 /* Assets.xcassets */ = {isa = PBXFileReference; lastKnownFileType = folder.assetcatalog; path = Assets.xcassets; sourceTree = "<group>"; };
		6B81B17D2D79DCBB0034BCB9 /* Base */ = {isa = PBXFileReference; lastKnownFileType = file.storyboard; name = Base; path = Base.lproj/LaunchScreen.storyboard; sourceTree = "<group>"; };
		6B81B17F2D79DCBB0034BCB9 /* Info.plist */ = {isa = PBXFileReference; lastKnownFileType = text.plist.xml; path = Info.plist; sourceTree = "<group>"; };
		6B81B1842D79DCBB0034BCB9 /* ComicsAppTests.xctest */ = {isa = PBXFileReference; explicitFileType = wrapper.cfbundle; includeInIndex = 0; path = ComicsAppTests.xctest; sourceTree = BUILT_PRODUCTS_DIR; };
		6B81B1882D79DCBB0034BCB9 /* ComicsAppTests.swift */ = {isa = PBXFileReference; lastKnownFileType = sourcecode.swift; path = ComicsAppTests.swift; sourceTree = "<group>"; };
		6B81B18E2D79DCBB0034BCB9 /* ComicsAppUITests.xctest */ = {isa = PBXFileReference; explicitFileType = wrapper.cfbundle; includeInIndex = 0; path = ComicsAppUITests.xctest; sourceTree = BUILT_PRODUCTS_DIR; };
		6B81B1922D79DCBB0034BCB9 /* ComicsAppUITests.swift */ = {isa = PBXFileReference; lastKnownFileType = sourcecode.swift; path = ComicsAppUITests.swift; sourceTree = "<group>"; };
		6B81B1942D79DCBB0034BCB9 /* ComicsAppUITestsLaunchTests.swift */ = {isa = PBXFileReference; lastKnownFileType = sourcecode.swift; path = ComicsAppUITestsLaunchTests.swift; sourceTree = "<group>"; };
		6D566B4C2D7B3A8F007A45EE /* AppDelegate.swift */ = {isa = PBXFileReference; lastKnownFileType = sourcecode.swift; path = AppDelegate.swift; sourceTree = "<group>"; };
		6D566B4D2D7B3A8F007A45EE /* Assets.xcassets */ = {isa = PBXFileReference; lastKnownFileType = folder.assetcatalog; path = Assets.xcassets; sourceTree = "<group>"; };
		6D566B4E2D7B3A8F007A45EE /* Base */ = {isa = PBXFileReference; lastKnownFileType = file.storyboard; name = Base; path = LaunchScreen.storyboard; sourceTree = "<group>"; };
		6D566B502D7B3A8F007A45EE /* Base */ = {isa = PBXFileReference; lastKnownFileType = file.storyboard; name = Base; path = Main.storyboard; sourceTree = "<group>"; };
		6D566B542D7B3A8F007A45EE /* PokeDexMainScreenViewController.swift */ = {isa = PBXFileReference; lastKnownFileType = sourcecode.swift; path = PokeDexMainScreenViewController.swift; sourceTree = "<group>"; };
		6D566B562D7B3A8F007A45EE /* PokemonSpecies.swift */ = {isa = PBXFileReference; lastKnownFileType = sourcecode.swift; path = PokemonSpecies.swift; sourceTree = "<group>"; };
		6D566B572D7B3A8F007A45EE /* SpeciesList.swift */ = {isa = PBXFileReference; lastKnownFileType = sourcecode.swift; path = SpeciesList.swift; sourceTree = "<group>"; };
		6D566B592D7B3A8F007A45EE /* ApiCaller.swift */ = {isa = PBXFileReference; lastKnownFileType = sourcecode.swift; path = ApiCaller.swift; sourceTree = "<group>"; };
		6D566B5A2D7B3A8F007A45EE /* NetworkConstants.swift */ = {isa = PBXFileReference; lastKnownFileType = sourcecode.swift; path = NetworkConstants.swift; sourceTree = "<group>"; };
		6D566B5C2D7B3A8F007A45EE /* MainViewModel.swift */ = {isa = PBXFileReference; lastKnownFileType = sourcecode.swift; path = MainViewModel.swift; sourceTree = "<group>"; };
		6D566B5D2D7B3A8F007A45EE /* SpeciesViewModel.swift */ = {isa = PBXFileReference; lastKnownFileType = sourcecode.swift; path = SpeciesViewModel.swift; sourceTree = "<group>"; };
		6D566B5F2D7B3A8F007A45EE /* PokeCellTableViewCell.swift */ = {isa = PBXFileReference; lastKnownFileType = sourcecode.swift; path = PokeCellTableViewCell.swift; sourceTree = "<group>"; };
		6D566B602D7B3A8F007A45EE /* PokeCellTableViewCell.xib */ = {isa = PBXFileReference; lastKnownFileType = file.xib; path = PokeCellTableViewCell.xib; sourceTree = "<group>"; };
		6D566B612D7B3A8F007A45EE /* PokeDexMainScreenViewController.xib */ = {isa = PBXFileReference; lastKnownFileType = file.xib; path = PokeDexMainScreenViewController.xib; sourceTree = "<group>"; };
		6D566B632D7B3A8F007A45EE /* RickAndMortyMainScreenViewController.swift */ = {isa = PBXFileReference; lastKnownFileType = sourcecode.swift; path = RickAndMortyMainScreenViewController.swift; sourceTree = "<group>"; };
		6D566B642D7B3A8F007A45EE /* RickAndMortyMainScreenViewController.xib */ = {isa = PBXFileReference; lastKnownFileType = file.xib; path = RickAndMortyMainScreenViewController.xib; sourceTree = "<group>"; };
		6D566B662D7B3A8F007A45EE /* SceneDelegate.swift */ = {isa = PBXFileReference; lastKnownFileType = sourcecode.swift; path = SceneDelegate.swift; sourceTree = "<group>"; };
		6D566B672D7B3A8F007A45EE /* ViewController.swift */ = {isa = PBXFileReference; lastKnownFileType = sourcecode.swift; path = ViewController.swift; sourceTree = "<group>"; };
		6D566B7B2D7B3AC2007A45EE /* MarvelMainScreenViewController.swift */ = {isa = PBXFileReference; lastKnownFileType = sourcecode.swift; path = MarvelMainScreenViewController.swift; sourceTree = "<group>"; };
		6D566B7C2D7B3AC2007A45EE /* MarvelMainScreenViewController.xib */ = {isa = PBXFileReference; lastKnownFileType = file.xib; path = MarvelMainScreenViewController.xib; sourceTree = "<group>"; };
		726AD094F558C40CFE72BF45 /* Pods-ComicsApp-ComicsAppUITests.debug.xcconfig */ = {isa = PBXFileReference; includeInIndex = 1; lastKnownFileType = text.xcconfig; name = "Pods-ComicsApp-ComicsAppUITests.debug.xcconfig"; path = "Target Support Files/Pods-ComicsApp-ComicsAppUITests/Pods-ComicsApp-ComicsAppUITests.debug.xcconfig"; sourceTree = "<group>"; };
		743BEEF329E0D745DBA0B76A /* Pods_ComicsApp.framework */ = {isa = PBXFileReference; explicitFileType = wrapper.framework; includeInIndex = 0; path = Pods_ComicsApp.framework; sourceTree = BUILT_PRODUCTS_DIR; };
		7ED063F5AD5AA4A10D3EE834 /* Pods_ComicsApp_ComicsAppUITests.framework */ = {isa = PBXFileReference; explicitFileType = wrapper.framework; includeInIndex = 0; path = Pods_ComicsApp_ComicsAppUITests.framework; sourceTree = BUILT_PRODUCTS_DIR; };
		C6CE69D3A2B4E263F426A7E6 /* Pods-ComicsApp-ComicsAppUITests.release.xcconfig */ = {isa = PBXFileReference; includeInIndex = 1; lastKnownFileType = text.xcconfig; name = "Pods-ComicsApp-ComicsAppUITests.release.xcconfig"; path = "Target Support Files/Pods-ComicsApp-ComicsAppUITests/Pods-ComicsApp-ComicsAppUITests.release.xcconfig"; sourceTree = "<group>"; };
		DF7F2C55741AF4B45D797A4F /* Pods-ComicsApp.debug.xcconfig */ = {isa = PBXFileReference; includeInIndex = 1; lastKnownFileType = text.xcconfig; name = "Pods-ComicsApp.debug.xcconfig"; path = "Target Support Files/Pods-ComicsApp/Pods-ComicsApp.debug.xcconfig"; sourceTree = "<group>"; };
/* End PBXFileReference section */

/* Begin PBXFrameworksBuildPhase section */
		6B81B16B2D79DCBA0034BCB9 /* Frameworks */ = {
			isa = PBXFrameworksBuildPhase;
			buildActionMask = 2147483647;
			files = (
				7C0A84D1BAFFB86E767962BD /* Pods_ComicsApp.framework in Frameworks */,
			);
			runOnlyForDeploymentPostprocessing = 0;
		};
		6B81B1812D79DCBB0034BCB9 /* Frameworks */ = {
			isa = PBXFrameworksBuildPhase;
			buildActionMask = 2147483647;
			files = (
				B559A30E4DED885D0881B5AF /* Pods_ComicsAppTests.framework in Frameworks */,
			);
			runOnlyForDeploymentPostprocessing = 0;
		};
		6B81B18B2D79DCBB0034BCB9 /* Frameworks */ = {
			isa = PBXFrameworksBuildPhase;
			buildActionMask = 2147483647;
			files = (
				A9616A729504C208E773CB2E /* Pods_ComicsApp_ComicsAppUITests.framework in Frameworks */,
			);
			runOnlyForDeploymentPostprocessing = 0;
		};
/* End PBXFrameworksBuildPhase section */

/* Begin PBXGroup section */
		6B81B1652D79DCBA0034BCB9 = {
			isa = PBXGroup;
			children = (
				6B81B1702D79DCBA0034BCB9 /* ComicsApp */,
				6B81B1872D79DCBB0034BCB9 /* ComicsAppTests */,
				6B81B1912D79DCBB0034BCB9 /* ComicsAppUITests */,
				6B81B16F2D79DCBA0034BCB9 /* Products */,
				A8CDD4C7C3EDDEFB28BD17C5 /* Pods */,
				8148178125C22B47D9F68ADF /* Frameworks */,
			);
			sourceTree = "<group>";
		};
		6B81B16F2D79DCBA0034BCB9 /* Products */ = {
			isa = PBXGroup;
			children = (
				6B81B16E2D79DCBA0034BCB9 /* ComicsApp.app */,
				6B81B1842D79DCBB0034BCB9 /* ComicsAppTests.xctest */,
				6B81B18E2D79DCBB0034BCB9 /* ComicsAppUITests.xctest */,
			);
			name = Products;
			sourceTree = "<group>";
		};
		6B81B1702D79DCBA0034BCB9 /* ComicsApp */ = {
			isa = PBXGroup;
			children = (
				6B81B1712D79DCBA0034BCB9 /* AppDelegate.swift */,
				6B81B1732D79DCBA0034BCB9 /* SceneDelegate.swift */,
				6D566B4C2D7B3A8F007A45EE /* AppDelegate.swift */,
				6D566B4D2D7B3A8F007A45EE /* Assets.xcassets */,
				6D566B522D7B3A8F007A45EE /* Base.lproj */,
				6D566B622D7B3A8F007A45EE /* Pokedex */,
				6D566B652D7B3A8F007A45EE /* RickAndMorty */,
				6D566B662D7B3A8F007A45EE /* SceneDelegate.swift */,
				6D566B7D2D7B3AC2007A45EE /* Marvel */,
				6D566B672D7B3A8F007A45EE /* ViewController.swift */,
				6B81B1752D79DCBA0034BCB9 /* ViewController.swift */,
				6B81B1772D79DCBA0034BCB9 /* Main.storyboard */,
				6B81B17A2D79DCBB0034BCB9 /* Assets.xcassets */,
				6B81B17C2D79DCBB0034BCB9 /* LaunchScreen.storyboard */,
				6B81B17F2D79DCBB0034BCB9 /* Info.plist */,
			);
			path = ComicsApp;
			sourceTree = "<group>";
		};
		6B81B1872D79DCBB0034BCB9 /* ComicsAppTests */ = {
			isa = PBXGroup;
			children = (
				6B81B1882D79DCBB0034BCB9 /* ComicsAppTests.swift */,
			);
			path = ComicsAppTests;
			sourceTree = "<group>";
		};
		6B81B1912D79DCBB0034BCB9 /* ComicsAppUITests */ = {
			isa = PBXGroup;
			children = (
				6B81B1922D79DCBB0034BCB9 /* ComicsAppUITests.swift */,
				6B81B1942D79DCBB0034BCB9 /* ComicsAppUITestsLaunchTests.swift */,
			);
			path = ComicsAppUITests;
			sourceTree = "<group>";
		};
		6D566B522D7B3A8F007A45EE /* Base.lproj */ = {
			isa = PBXGroup;
			children = (
				6D566B4F2D7B3A8F007A45EE /* LaunchScreen.storyboard */,
				6D566B512D7B3A8F007A45EE /* Main.storyboard */,
			);
			path = Base.lproj;
			sourceTree = "<group>";
		};
		6D566B552D7B3A8F007A45EE /* Controllers */ = {
			isa = PBXGroup;
			children = (
				6D566B542D7B3A8F007A45EE /* PokeDexMainScreenViewController.swift */,
			);
			path = Controllers;
			sourceTree = "<group>";
		};
		6D566B582D7B3A8F007A45EE /* Model */ = {
			isa = PBXGroup;
			children = (
				6D566B562D7B3A8F007A45EE /* PokemonSpecies.swift */,
				6D566B572D7B3A8F007A45EE /* SpeciesList.swift */,
			);
			path = Model;
			sourceTree = "<group>";
		};
		6D566B5B2D7B3A8F007A45EE /* Networking */ = {
			isa = PBXGroup;
			children = (
				6D566B592D7B3A8F007A45EE /* ApiCaller.swift */,
				6D566B5A2D7B3A8F007A45EE /* NetworkConstants.swift */,
			);
			path = Networking;
			sourceTree = "<group>";
		};
		6D566B5E2D7B3A8F007A45EE /* ViewModels */ = {
			isa = PBXGroup;
			children = (
				6D566B5C2D7B3A8F007A45EE /* MainViewModel.swift */,
				6D566B5D2D7B3A8F007A45EE /* SpeciesViewModel.swift */,
			);
			path = ViewModels;
			sourceTree = "<group>";
		};
		6D566B622D7B3A8F007A45EE /* Pokedex */ = {
			isa = PBXGroup;
			children = (
				6D566B552D7B3A8F007A45EE /* Controllers */,
				6D566B582D7B3A8F007A45EE /* Model */,
				6D566B5B2D7B3A8F007A45EE /* Networking */,
				6D566B5E2D7B3A8F007A45EE /* ViewModels */,
				6D566B5F2D7B3A8F007A45EE /* PokeCellTableViewCell.swift */,
				6D566B602D7B3A8F007A45EE /* PokeCellTableViewCell.xib */,
				6D566B612D7B3A8F007A45EE /* PokeDexMainScreenViewController.xib */,
			);
			path = Pokedex;
			sourceTree = "<group>";
		};
		6D566B652D7B3A8F007A45EE /* RickAndMorty */ = {
			isa = PBXGroup;
			children = (
				6D566B632D7B3A8F007A45EE /* RickAndMortyMainScreenViewController.swift */,
				6D566B642D7B3A8F007A45EE /* RickAndMortyMainScreenViewController.xib */,
			);
			path = RickAndMorty;
			sourceTree = "<group>";
		};
		6D566B7D2D7B3AC2007A45EE /* Marvel */ = {
			isa = PBXGroup;
			children = (
				6D566B7B2D7B3AC2007A45EE /* MarvelMainScreenViewController.swift */,
				6D566B7C2D7B3AC2007A45EE /* MarvelMainScreenViewController.xib */,
			);
			path = Marvel;
			sourceTree = "<group>";
		};
		8148178125C22B47D9F68ADF /* Frameworks */ = {
			isa = PBXGroup;
			children = (
				743BEEF329E0D745DBA0B76A /* Pods_ComicsApp.framework */,
				7ED063F5AD5AA4A10D3EE834 /* Pods_ComicsApp_ComicsAppUITests.framework */,
				0B37627B709F317A472986FF /* Pods_ComicsAppTests.framework */,
			);
			name = Frameworks;
			sourceTree = "<group>";
		};
		A8CDD4C7C3EDDEFB28BD17C5 /* Pods */ = {
			isa = PBXGroup;
			children = (
				DF7F2C55741AF4B45D797A4F /* Pods-ComicsApp.debug.xcconfig */,
				46314216226167D9F9FA5500 /* Pods-ComicsApp.release.xcconfig */,
				726AD094F558C40CFE72BF45 /* Pods-ComicsApp-ComicsAppUITests.debug.xcconfig */,
				C6CE69D3A2B4E263F426A7E6 /* Pods-ComicsApp-ComicsAppUITests.release.xcconfig */,
				64C99FF7E8157E96EE83C38A /* Pods-ComicsAppTests.debug.xcconfig */,
				211C63AC9E674072205D2A13 /* Pods-ComicsAppTests.release.xcconfig */,
			);
			path = Pods;
			sourceTree = "<group>";
		};
/* End PBXGroup section */

/* Begin PBXNativeTarget section */
		6B81B16D2D79DCBA0034BCB9 /* ComicsApp */ = {
			isa = PBXNativeTarget;
			buildConfigurationList = 6B81B1982D79DCBB0034BCB9 /* Build configuration list for PBXNativeTarget "ComicsApp" */;
			buildPhases = (
				9F9F1CA8BF5A4E48849C7E60 /* [CP] Check Pods Manifest.lock */,
				6B81B16A2D79DCBA0034BCB9 /* Sources */,
				6B81B16B2D79DCBA0034BCB9 /* Frameworks */,
				6B81B16C2D79DCBA0034BCB9 /* Resources */,
				3A5FD95DA15466AF994887E5 /* [CP] Embed Pods Frameworks */,
			);
			buildRules = (
			);
			dependencies = (
			);
			name = ComicsApp;
			productName = ComicsApp;
			productReference = 6B81B16E2D79DCBA0034BCB9 /* ComicsApp.app */;
			productType = "com.apple.product-type.application";
		};
		6B81B1832D79DCBB0034BCB9 /* ComicsAppTests */ = {
			isa = PBXNativeTarget;
			buildConfigurationList = 6B81B19B2D79DCBB0034BCB9 /* Build configuration list for PBXNativeTarget "ComicsAppTests" */;
			buildPhases = (
				BF82E009845EB92C25562306 /* [CP] Check Pods Manifest.lock */,
				6B81B1802D79DCBB0034BCB9 /* Sources */,
				6B81B1812D79DCBB0034BCB9 /* Frameworks */,
				6B81B1822D79DCBB0034BCB9 /* Resources */,
			);
			buildRules = (
			);
			dependencies = (
				6B81B1862D79DCBB0034BCB9 /* PBXTargetDependency */,
			);
			name = ComicsAppTests;
			productName = ComicsAppTests;
			productReference = 6B81B1842D79DCBB0034BCB9 /* ComicsAppTests.xctest */;
			productType = "com.apple.product-type.bundle.unit-test";
		};
		6B81B18D2D79DCBB0034BCB9 /* ComicsAppUITests */ = {
			isa = PBXNativeTarget;
			buildConfigurationList = 6B81B19E2D79DCBB0034BCB9 /* Build configuration list for PBXNativeTarget "ComicsAppUITests" */;
			buildPhases = (
				0DCE16FE27EE989D6F725EC8 /* [CP] Check Pods Manifest.lock */,
				6B81B18A2D79DCBB0034BCB9 /* Sources */,
				6B81B18B2D79DCBB0034BCB9 /* Frameworks */,
				6B81B18C2D79DCBB0034BCB9 /* Resources */,
				9238D373AB1C9153337B1E5C /* [CP] Embed Pods Frameworks */,
			);
			buildRules = (
			);
			dependencies = (
				6B81B1902D79DCBB0034BCB9 /* PBXTargetDependency */,
			);
			name = ComicsAppUITests;
			productName = ComicsAppUITests;
			productReference = 6B81B18E2D79DCBB0034BCB9 /* ComicsAppUITests.xctest */;
			productType = "com.apple.product-type.bundle.ui-testing";
		};
/* End PBXNativeTarget section */

/* Begin PBXProject section */
		6B81B1662D79DCBA0034BCB9 /* Project object */ = {
			isa = PBXProject;
			attributes = {
				BuildIndependentTargetsInParallel = 1;
				LastSwiftUpdateCheck = 1530;
				LastUpgradeCheck = 1530;
				TargetAttributes = {
					6B81B16D2D79DCBA0034BCB9 = {
						CreatedOnToolsVersion = 15.3;
					};
					6B81B1832D79DCBB0034BCB9 = {
						CreatedOnToolsVersion = 15.3;
						TestTargetID = 6B81B16D2D79DCBA0034BCB9;
					};
					6B81B18D2D79DCBB0034BCB9 = {
						CreatedOnToolsVersion = 15.3;
						TestTargetID = 6B81B16D2D79DCBA0034BCB9;
					};
				};
			};
			buildConfigurationList = 6B81B1692D79DCBA0034BCB9 /* Build configuration list for PBXProject "ComicsApp" */;
			compatibilityVersion = "Xcode 14.0";
			developmentRegion = en;
			hasScannedForEncodings = 0;
			knownRegions = (
				en,
				Base,
			);
			mainGroup = 6B81B1652D79DCBA0034BCB9;
			productRefGroup = 6B81B16F2D79DCBA0034BCB9 /* Products */;
			projectDirPath = "";
			projectRoot = "";
			targets = (
				6B81B16D2D79DCBA0034BCB9 /* ComicsApp */,
				6B81B1832D79DCBB0034BCB9 /* ComicsAppTests */,
				6B81B18D2D79DCBB0034BCB9 /* ComicsAppUITests */,
			);
		};
/* End PBXProject section */

/* Begin PBXResourcesBuildPhase section */
		6B81B16C2D79DCBA0034BCB9 /* Resources */ = {
			isa = PBXResourcesBuildPhase;
			buildActionMask = 2147483647;
			files = (
				6B81B17B2D79DCBB0034BCB9 /* Assets.xcassets in Resources */,
				6B81B17E2D79DCBB0034BCB9 /* Base in Resources */,
				6D566B692D7B3A8F007A45EE /* Assets.xcassets in Resources */,
				6D566B6A2D7B3A8F007A45EE /* RickAndMortyMainScreenViewController.xib in Resources */,
				6D566B6B2D7B3A8F007A45EE /* LaunchScreen.storyboard in Resources */,
				6D566B6C2D7B3A8F007A45EE /* Main.storyboard in Resources */,
				6D566B6D2D7B3A8F007A45EE /* PokeCellTableViewCell.xib in Resources */,
				6D566B6E2D7B3A8F007A45EE /* PokeDexMainScreenViewController.xib in Resources */,
				6D566B7E2D7B3AC2007A45EE /* MarvelMainScreenViewController.xib in Resources */,
				6B81B1792D79DCBA0034BCB9 /* Base in Resources */,
			);
			runOnlyForDeploymentPostprocessing = 0;
		};
		6B81B1822D79DCBB0034BCB9 /* Resources */ = {
			isa = PBXResourcesBuildPhase;
			buildActionMask = 2147483647;
			files = (
			);
			runOnlyForDeploymentPostprocessing = 0;
		};
		6B81B18C2D79DCBB0034BCB9 /* Resources */ = {
			isa = PBXResourcesBuildPhase;
			buildActionMask = 2147483647;
			files = (
			);
			runOnlyForDeploymentPostprocessing = 0;
		};
/* End PBXResourcesBuildPhase section */

/* Begin PBXShellScriptBuildPhase section */
		0DCE16FE27EE989D6F725EC8 /* [CP] Check Pods Manifest.lock */ = {
			isa = PBXShellScriptBuildPhase;
			buildActionMask = 2147483647;
			files = (
			);
			inputFileListPaths = (
			);
			inputPaths = (
				"${PODS_PODFILE_DIR_PATH}/Podfile.lock",
				"${PODS_ROOT}/Manifest.lock",
			);
			name = "[CP] Check Pods Manifest.lock";
			outputFileListPaths = (
			);
			outputPaths = (
				"$(DERIVED_FILE_DIR)/Pods-ComicsApp-ComicsAppUITests-checkManifestLockResult.txt",
			);
			runOnlyForDeploymentPostprocessing = 0;
			shellPath = /bin/sh;
			shellScript = "diff \"${PODS_PODFILE_DIR_PATH}/Podfile.lock\" \"${PODS_ROOT}/Manifest.lock\" > /dev/null\nif [ $? != 0 ] ; then\n    # print error to STDERR\n    echo \"error: The sandbox is not in sync with the Podfile.lock. Run 'pod install' or update your CocoaPods installation.\" >&2\n    exit 1\nfi\n# This output is used by Xcode 'outputs' to avoid re-running this script phase.\necho \"SUCCESS\" > \"${SCRIPT_OUTPUT_FILE_0}\"\n";
			showEnvVarsInLog = 0;
		};
		3A5FD95DA15466AF994887E5 /* [CP] Embed Pods Frameworks */ = {
			isa = PBXShellScriptBuildPhase;
			buildActionMask = 2147483647;
			files = (
			);
			inputFileListPaths = (
				"${PODS_ROOT}/Target Support Files/Pods-ComicsApp/Pods-ComicsApp-frameworks-${CONFIGURATION}-input-files.xcfilelist",
			);
			name = "[CP] Embed Pods Frameworks";
			outputFileListPaths = (
				"${PODS_ROOT}/Target Support Files/Pods-ComicsApp/Pods-ComicsApp-frameworks-${CONFIGURATION}-output-files.xcfilelist",
			);
			runOnlyForDeploymentPostprocessing = 0;
			shellPath = /bin/sh;
			shellScript = "\"${PODS_ROOT}/Target Support Files/Pods-ComicsApp/Pods-ComicsApp-frameworks.sh\"\n";
			showEnvVarsInLog = 0;
		};
		9238D373AB1C9153337B1E5C /* [CP] Embed Pods Frameworks */ = {
			isa = PBXShellScriptBuildPhase;
			buildActionMask = 2147483647;
			files = (
			);
			inputFileListPaths = (
				"${PODS_ROOT}/Target Support Files/Pods-ComicsApp-ComicsAppUITests/Pods-ComicsApp-ComicsAppUITests-frameworks-${CONFIGURATION}-input-files.xcfilelist",
			);
			name = "[CP] Embed Pods Frameworks";
			outputFileListPaths = (
				"${PODS_ROOT}/Target Support Files/Pods-ComicsApp-ComicsAppUITests/Pods-ComicsApp-ComicsAppUITests-frameworks-${CONFIGURATION}-output-files.xcfilelist",
			);
			runOnlyForDeploymentPostprocessing = 0;
			shellPath = /bin/sh;
			shellScript = "\"${PODS_ROOT}/Target Support Files/Pods-ComicsApp-ComicsAppUITests/Pods-ComicsApp-ComicsAppUITests-frameworks.sh\"\n";
			showEnvVarsInLog = 0;
		};
		9F9F1CA8BF5A4E48849C7E60 /* [CP] Check Pods Manifest.lock */ = {
			isa = PBXShellScriptBuildPhase;
			buildActionMask = 2147483647;
			files = (
			);
			inputFileListPaths = (
			);
			inputPaths = (
				"${PODS_PODFILE_DIR_PATH}/Podfile.lock",
				"${PODS_ROOT}/Manifest.lock",
			);
			name = "[CP] Check Pods Manifest.lock";
			outputFileListPaths = (
			);
			outputPaths = (
				"$(DERIVED_FILE_DIR)/Pods-ComicsApp-checkManifestLockResult.txt",
			);
			runOnlyForDeploymentPostprocessing = 0;
			shellPath = /bin/sh;
			shellScript = "diff \"${PODS_PODFILE_DIR_PATH}/Podfile.lock\" \"${PODS_ROOT}/Manifest.lock\" > /dev/null\nif [ $? != 0 ] ; then\n    # print error to STDERR\n    echo \"error: The sandbox is not in sync with the Podfile.lock. Run 'pod install' or update your CocoaPods installation.\" >&2\n    exit 1\nfi\n# This output is used by Xcode 'outputs' to avoid re-running this script phase.\necho \"SUCCESS\" > \"${SCRIPT_OUTPUT_FILE_0}\"\n";
			showEnvVarsInLog = 0;
		};
		BF82E009845EB92C25562306 /* [CP] Check Pods Manifest.lock */ = {
			isa = PBXShellScriptBuildPhase;
			buildActionMask = 2147483647;
			files = (
			);
			inputFileListPaths = (
			);
			inputPaths = (
				"${PODS_PODFILE_DIR_PATH}/Podfile.lock",
				"${PODS_ROOT}/Manifest.lock",
			);
			name = "[CP] Check Pods Manifest.lock";
			outputFileListPaths = (
			);
			outputPaths = (
				"$(DERIVED_FILE_DIR)/Pods-ComicsAppTests-checkManifestLockResult.txt",
			);
			runOnlyForDeploymentPostprocessing = 0;
			shellPath = /bin/sh;
			shellScript = "diff \"${PODS_PODFILE_DIR_PATH}/Podfile.lock\" \"${PODS_ROOT}/Manifest.lock\" > /dev/null\nif [ $? != 0 ] ; then\n    # print error to STDERR\n    echo \"error: The sandbox is not in sync with the Podfile.lock. Run 'pod install' or update your CocoaPods installation.\" >&2\n    exit 1\nfi\n# This output is used by Xcode 'outputs' to avoid re-running this script phase.\necho \"SUCCESS\" > \"${SCRIPT_OUTPUT_FILE_0}\"\n";
			showEnvVarsInLog = 0;
		};
/* End PBXShellScriptBuildPhase section */

/* Begin PBXSourcesBuildPhase section */
		6B81B16A2D79DCBA0034BCB9 /* Sources */ = {
			isa = PBXSourcesBuildPhase;
			buildActionMask = 2147483647;
			files = (
				6D566B6F2D7B3A8F007A45EE /* ViewController.swift in Sources */,
				6D566B702D7B3A8F007A45EE /* PokeDexMainScreenViewController.swift in Sources */,
				6D566B712D7B3A8F007A45EE /* MainViewModel.swift in Sources */,
				6D566B722D7B3A8F007A45EE /* RickAndMortyMainScreenViewController.swift in Sources */,
				6D566B732D7B3A8F007A45EE /* PokeCellTableViewCell.swift in Sources */,
				6D566B742D7B3A8F007A45EE /* SpeciesViewModel.swift in Sources */,
				6D566B752D7B3A8F007A45EE /* SpeciesList.swift in Sources */,
				6D566B762D7B3A8F007A45EE /* PokemonSpecies.swift in Sources */,
				6D566B772D7B3A8F007A45EE /* NetworkConstants.swift in Sources */,
				6D566B782D7B3A8F007A45EE /* ApiCaller.swift in Sources */,
				6D566B7F2D7B3AC2007A45EE /* MarvelMainScreenViewController.swift in Sources */,
				6D566B792D7B3A8F007A45EE /* AppDelegate.swift in Sources */,
				6D566B7A2D7B3A8F007A45EE /* SceneDelegate.swift in Sources */,
				6B81B1762D79DCBA0034BCB9 /* ViewController.swift in Sources */,
				6B81B1722D79DCBA0034BCB9 /* AppDelegate.swift in Sources */,
				6B81B1742D79DCBA0034BCB9 /* SceneDelegate.swift in Sources */,
			);
			runOnlyForDeploymentPostprocessing = 0;
		};
		6B81B1802D79DCBB0034BCB9 /* Sources */ = {
			isa = PBXSourcesBuildPhase;
			buildActionMask = 2147483647;
			files = (
				6B81B1892D79DCBB0034BCB9 /* ComicsAppTests.swift in Sources */,
			);
			runOnlyForDeploymentPostprocessing = 0;
		};
		6B81B18A2D79DCBB0034BCB9 /* Sources */ = {
			isa = PBXSourcesBuildPhase;
			buildActionMask = 2147483647;
			files = (
				6B81B1952D79DCBB0034BCB9 /* ComicsAppUITestsLaunchTests.swift in Sources */,
				6B81B1932D79DCBB0034BCB9 /* ComicsAppUITests.swift in Sources */,
			);
			runOnlyForDeploymentPostprocessing = 0;
		};
/* End PBXSourcesBuildPhase section */

/* Begin PBXTargetDependency section */
		6B81B1862D79DCBB0034BCB9 /* PBXTargetDependency */ = {
			isa = PBXTargetDependency;
			target = 6B81B16D2D79DCBA0034BCB9 /* ComicsApp */;
			targetProxy = 6B81B1852D79DCBB0034BCB9 /* PBXContainerItemProxy */;
		};
		6B81B1902D79DCBB0034BCB9 /* PBXTargetDependency */ = {
			isa = PBXTargetDependency;
			target = 6B81B16D2D79DCBA0034BCB9 /* ComicsApp */;
			targetProxy = 6B81B18F2D79DCBB0034BCB9 /* PBXContainerItemProxy */;
		};
/* End PBXTargetDependency section */

/* Begin PBXVariantGroup section */
		6B81B1772D79DCBA0034BCB9 /* Main.storyboard */ = {
			isa = PBXVariantGroup;
			children = (
				6B81B1782D79DCBA0034BCB9 /* Base */,
			);
			name = Main.storyboard;
			sourceTree = "<group>";
		};
		6B81B17C2D79DCBB0034BCB9 /* LaunchScreen.storyboard */ = {
			isa = PBXVariantGroup;
			children = (
				6B81B17D2D79DCBB0034BCB9 /* Base */,
			);
			name = LaunchScreen.storyboard;
			sourceTree = "<group>";
		};
		6D566B4F2D7B3A8F007A45EE /* LaunchScreen.storyboard */ = {
			isa = PBXVariantGroup;
			children = (
				6D566B4E2D7B3A8F007A45EE /* Base */,
			);
			name = LaunchScreen.storyboard;
			sourceTree = "<group>";
		};
		6D566B512D7B3A8F007A45EE /* Main.storyboard */ = {
			isa = PBXVariantGroup;
			children = (
				6D566B502D7B3A8F007A45EE /* Base */,
			);
			name = Main.storyboard;
			sourceTree = "<group>";
		};
/* End PBXVariantGroup section */

/* Begin XCBuildConfiguration section */
		6B81B1962D79DCBB0034BCB9 /* Debug */ = {
			isa = XCBuildConfiguration;
			buildSettings = {
				ALWAYS_SEARCH_USER_PATHS = NO;
				ASSETCATALOG_COMPILER_GENERATE_SWIFT_ASSET_SYMBOL_EXTENSIONS = YES;
				CLANG_ANALYZER_NONNULL = YES;
				CLANG_ANALYZER_NUMBER_OBJECT_CONVERSION = YES_AGGRESSIVE;
				CLANG_CXX_LANGUAGE_STANDARD = "gnu++20";
				CLANG_ENABLE_MODULES = YES;
				CLANG_ENABLE_OBJC_ARC = YES;
				CLANG_ENABLE_OBJC_WEAK = YES;
				CLANG_WARN_BLOCK_CAPTURE_AUTORELEASING = YES;
				CLANG_WARN_BOOL_CONVERSION = YES;
				CLANG_WARN_COMMA = YES;
				CLANG_WARN_CONSTANT_CONVERSION = YES;
				CLANG_WARN_DEPRECATED_OBJC_IMPLEMENTATIONS = YES;
				CLANG_WARN_DIRECT_OBJC_ISA_USAGE = YES_ERROR;
				CLANG_WARN_DOCUMENTATION_COMMENTS = YES;
				CLANG_WARN_EMPTY_BODY = YES;
				CLANG_WARN_ENUM_CONVERSION = YES;
				CLANG_WARN_INFINITE_RECURSION = YES;
				CLANG_WARN_INT_CONVERSION = YES;
				CLANG_WARN_NON_LITERAL_NULL_CONVERSION = YES;
				CLANG_WARN_OBJC_IMPLICIT_RETAIN_SELF = YES;
				CLANG_WARN_OBJC_LITERAL_CONVERSION = YES;
				CLANG_WARN_OBJC_ROOT_CLASS = YES_ERROR;
				CLANG_WARN_QUOTED_INCLUDE_IN_FRAMEWORK_HEADER = YES;
				CLANG_WARN_RANGE_LOOP_ANALYSIS = YES;
				CLANG_WARN_STRICT_PROTOTYPES = YES;
				CLANG_WARN_SUSPICIOUS_MOVE = YES;
				CLANG_WARN_UNGUARDED_AVAILABILITY = YES_AGGRESSIVE;
				CLANG_WARN_UNREACHABLE_CODE = YES;
				CLANG_WARN__DUPLICATE_METHOD_MATCH = YES;
				COPY_PHASE_STRIP = NO;
				DEBUG_INFORMATION_FORMAT = dwarf;
				ENABLE_STRICT_OBJC_MSGSEND = YES;
				ENABLE_TESTABILITY = YES;
				ENABLE_USER_SCRIPT_SANDBOXING = NO;
				GCC_C_LANGUAGE_STANDARD = gnu17;
				GCC_DYNAMIC_NO_PIC = NO;
				GCC_NO_COMMON_BLOCKS = YES;
				GCC_OPTIMIZATION_LEVEL = 0;
				GCC_PREPROCESSOR_DEFINITIONS = (
					"DEBUG=1",
					"$(inherited)",
				);
				GCC_WARN_64_TO_32_BIT_CONVERSION = YES;
				GCC_WARN_ABOUT_RETURN_TYPE = YES_ERROR;
				GCC_WARN_UNDECLARED_SELECTOR = YES;
				GCC_WARN_UNINITIALIZED_AUTOS = YES_AGGRESSIVE;
				GCC_WARN_UNUSED_FUNCTION = YES;
				GCC_WARN_UNUSED_VARIABLE = YES;
				IPHONEOS_DEPLOYMENT_TARGET = 17.4;
				LOCALIZATION_PREFERS_STRING_CATALOGS = YES;
				MTL_ENABLE_DEBUG_INFO = INCLUDE_SOURCE;
				MTL_FAST_MATH = YES;
				ONLY_ACTIVE_ARCH = YES;
				SDKROOT = iphoneos;
				SWIFT_ACTIVE_COMPILATION_CONDITIONS = "DEBUG $(inherited)";
				SWIFT_OPTIMIZATION_LEVEL = "-Onone";
			};
			name = Debug;
		};
		6B81B1972D79DCBB0034BCB9 /* Release */ = {
			isa = XCBuildConfiguration;
			buildSettings = {
				ALWAYS_SEARCH_USER_PATHS = NO;
				ASSETCATALOG_COMPILER_GENERATE_SWIFT_ASSET_SYMBOL_EXTENSIONS = YES;
				CLANG_ANALYZER_NONNULL = YES;
				CLANG_ANALYZER_NUMBER_OBJECT_CONVERSION = YES_AGGRESSIVE;
				CLANG_CXX_LANGUAGE_STANDARD = "gnu++20";
				CLANG_ENABLE_MODULES = YES;
				CLANG_ENABLE_OBJC_ARC = YES;
				CLANG_ENABLE_OBJC_WEAK = YES;
				CLANG_WARN_BLOCK_CAPTURE_AUTORELEASING = YES;
				CLANG_WARN_BOOL_CONVERSION = YES;
				CLANG_WARN_COMMA = YES;
				CLANG_WARN_CONSTANT_CONVERSION = YES;
				CLANG_WARN_DEPRECATED_OBJC_IMPLEMENTATIONS = YES;
				CLANG_WARN_DIRECT_OBJC_ISA_USAGE = YES_ERROR;
				CLANG_WARN_DOCUMENTATION_COMMENTS = YES;
				CLANG_WARN_EMPTY_BODY = YES;
				CLANG_WARN_ENUM_CONVERSION = YES;
				CLANG_WARN_INFINITE_RECURSION = YES;
				CLANG_WARN_INT_CONVERSION = YES;
				CLANG_WARN_NON_LITERAL_NULL_CONVERSION = YES;
				CLANG_WARN_OBJC_IMPLICIT_RETAIN_SELF = YES;
				CLANG_WARN_OBJC_LITERAL_CONVERSION = YES;
				CLANG_WARN_OBJC_ROOT_CLASS = YES_ERROR;
				CLANG_WARN_QUOTED_INCLUDE_IN_FRAMEWORK_HEADER = YES;
				CLANG_WARN_RANGE_LOOP_ANALYSIS = YES;
				CLANG_WARN_STRICT_PROTOTYPES = YES;
				CLANG_WARN_SUSPICIOUS_MOVE = YES;
				CLANG_WARN_UNGUARDED_AVAILABILITY = YES_AGGRESSIVE;
				CLANG_WARN_UNREACHABLE_CODE = YES;
				CLANG_WARN__DUPLICATE_METHOD_MATCH = YES;
				COPY_PHASE_STRIP = NO;
				DEBUG_INFORMATION_FORMAT = "dwarf-with-dsym";
				ENABLE_NS_ASSERTIONS = NO;
				ENABLE_STRICT_OBJC_MSGSEND = YES;
				ENABLE_USER_SCRIPT_SANDBOXING = NO;
				GCC_C_LANGUAGE_STANDARD = gnu17;
				GCC_NO_COMMON_BLOCKS = YES;
				GCC_WARN_64_TO_32_BIT_CONVERSION = YES;
				GCC_WARN_ABOUT_RETURN_TYPE = YES_ERROR;
				GCC_WARN_UNDECLARED_SELECTOR = YES;
				GCC_WARN_UNINITIALIZED_AUTOS = YES_AGGRESSIVE;
				GCC_WARN_UNUSED_FUNCTION = YES;
				GCC_WARN_UNUSED_VARIABLE = YES;
				IPHONEOS_DEPLOYMENT_TARGET = 17.4;
				LOCALIZATION_PREFERS_STRING_CATALOGS = YES;
				MTL_ENABLE_DEBUG_INFO = NO;
				MTL_FAST_MATH = YES;
				SDKROOT = iphoneos;
				SWIFT_COMPILATION_MODE = wholemodule;
				VALIDATE_PRODUCT = YES;
			};
			name = Release;
		};
		6B81B1992D79DCBB0034BCB9 /* Debug */ = {
			isa = XCBuildConfiguration;
			baseConfigurationReference = DF7F2C55741AF4B45D797A4F /* Pods-ComicsApp.debug.xcconfig */;
			buildSettings = {
				ASSETCATALOG_COMPILER_APPICON_NAME = AppIcon;
				ASSETCATALOG_COMPILER_GLOBAL_ACCENT_COLOR_NAME = AccentColor;
				CODE_SIGN_STYLE = Automatic;
				CURRENT_PROJECT_VERSION = 1;
				DEVELOPMENT_TEAM = 8LUDXDJLL4;
				GENERATE_INFOPLIST_FILE = YES;
				INFOPLIST_FILE = ComicsApp/Info.plist;
				INFOPLIST_KEY_UIApplicationSupportsIndirectInputEvents = YES;
				INFOPLIST_KEY_UILaunchStoryboardName = LaunchScreen;
				INFOPLIST_KEY_UIMainStoryboardFile = Main;
				INFOPLIST_KEY_UISupportedInterfaceOrientations_iPad = "UIInterfaceOrientationPortrait UIInterfaceOrientationPortraitUpsideDown UIInterfaceOrientationLandscapeLeft UIInterfaceOrientationLandscapeRight";
				INFOPLIST_KEY_UISupportedInterfaceOrientations_iPhone = "UIInterfaceOrientationPortrait UIInterfaceOrientationLandscapeLeft UIInterfaceOrientationLandscapeRight";
				LD_RUNPATH_SEARCH_PATHS = (
					"$(inherited)",
					"@executable_path/Frameworks",
				);
				MARKETING_VERSION = 1.0;
				PRODUCT_BUNDLE_IDENTIFIER = com.joaorouxinol.ComicsApp;
				PRODUCT_NAME = "$(TARGET_NAME)";
				SWIFT_EMIT_LOC_STRINGS = YES;
				SWIFT_VERSION = 5.0;
				TARGETED_DEVICE_FAMILY = "1,2";
			};
			name = Debug;
		};
		6B81B19A2D79DCBB0034BCB9 /* Release */ = {
			isa = XCBuildConfiguration;
			baseConfigurationReference = 46314216226167D9F9FA5500 /* Pods-ComicsApp.release.xcconfig */;
			buildSettings = {
				ASSETCATALOG_COMPILER_APPICON_NAME = AppIcon;
				ASSETCATALOG_COMPILER_GLOBAL_ACCENT_COLOR_NAME = AccentColor;
				CODE_SIGN_STYLE = Automatic;
				CURRENT_PROJECT_VERSION = 1;
				DEVELOPMENT_TEAM = 8LUDXDJLL4;
				GENERATE_INFOPLIST_FILE = YES;
				INFOPLIST_FILE = ComicsApp/Info.plist;
				INFOPLIST_KEY_UIApplicationSupportsIndirectInputEvents = YES;
				INFOPLIST_KEY_UILaunchStoryboardName = LaunchScreen;
				INFOPLIST_KEY_UIMainStoryboardFile = Main;
				INFOPLIST_KEY_UISupportedInterfaceOrientations_iPad = "UIInterfaceOrientationPortrait UIInterfaceOrientationPortraitUpsideDown UIInterfaceOrientationLandscapeLeft UIInterfaceOrientationLandscapeRight";
				INFOPLIST_KEY_UISupportedInterfaceOrientations_iPhone = "UIInterfaceOrientationPortrait UIInterfaceOrientationLandscapeLeft UIInterfaceOrientationLandscapeRight";
				LD_RUNPATH_SEARCH_PATHS = (
					"$(inherited)",
					"@executable_path/Frameworks",
				);
				MARKETING_VERSION = 1.0;
				PRODUCT_BUNDLE_IDENTIFIER = com.joaorouxinol.ComicsApp;
				PRODUCT_NAME = "$(TARGET_NAME)";
				SWIFT_EMIT_LOC_STRINGS = YES;
				SWIFT_VERSION = 5.0;
				TARGETED_DEVICE_FAMILY = "1,2";
			};
			name = Release;
		};
		6B81B19C2D79DCBB0034BCB9 /* Debug */ = {
			isa = XCBuildConfiguration;
			baseConfigurationReference = 64C99FF7E8157E96EE83C38A /* Pods-ComicsAppTests.debug.xcconfig */;
			buildSettings = {
				ALWAYS_EMBED_SWIFT_STANDARD_LIBRARIES = YES;
				BUNDLE_LOADER = "$(TEST_HOST)";
				CODE_SIGN_STYLE = Automatic;
				CURRENT_PROJECT_VERSION = 1;
				DEVELOPMENT_TEAM = 8LUDXDJLL4;
				GENERATE_INFOPLIST_FILE = YES;
				IPHONEOS_DEPLOYMENT_TARGET = 17.4;
				MARKETING_VERSION = 1.0;
				PRODUCT_BUNDLE_IDENTIFIER = com.joaorouxinol.ComicsAppTests;
				PRODUCT_NAME = "$(TARGET_NAME)";
				SWIFT_EMIT_LOC_STRINGS = NO;
				SWIFT_VERSION = 5.0;
				TARGETED_DEVICE_FAMILY = "1,2";
				TEST_HOST = "$(BUILT_PRODUCTS_DIR)/ComicsApp.app/$(BUNDLE_EXECUTABLE_FOLDER_PATH)/ComicsApp";
			};
			name = Debug;
		};
		6B81B19D2D79DCBB0034BCB9 /* Release */ = {
			isa = XCBuildConfiguration;
			baseConfigurationReference = 211C63AC9E674072205D2A13 /* Pods-ComicsAppTests.release.xcconfig */;
			buildSettings = {
				ALWAYS_EMBED_SWIFT_STANDARD_LIBRARIES = YES;
				BUNDLE_LOADER = "$(TEST_HOST)";
				CODE_SIGN_STYLE = Automatic;
				CURRENT_PROJECT_VERSION = 1;
				DEVELOPMENT_TEAM = 8LUDXDJLL4;
				GENERATE_INFOPLIST_FILE = YES;
				IPHONEOS_DEPLOYMENT_TARGET = 17.4;
				MARKETING_VERSION = 1.0;
				PRODUCT_BUNDLE_IDENTIFIER = com.joaorouxinol.ComicsAppTests;
				PRODUCT_NAME = "$(TARGET_NAME)";
				SWIFT_EMIT_LOC_STRINGS = NO;
				SWIFT_VERSION = 5.0;
				TARGETED_DEVICE_FAMILY = "1,2";
				TEST_HOST = "$(BUILT_PRODUCTS_DIR)/ComicsApp.app/$(BUNDLE_EXECUTABLE_FOLDER_PATH)/ComicsApp";
			};
			name = Release;
		};
		6B81B19F2D79DCBB0034BCB9 /* Debug */ = {
			isa = XCBuildConfiguration;
			baseConfigurationReference = 726AD094F558C40CFE72BF45 /* Pods-ComicsApp-ComicsAppUITests.debug.xcconfig */;
			buildSettings = {
				ALWAYS_EMBED_SWIFT_STANDARD_LIBRARIES = YES;
				CODE_SIGN_STYLE = Automatic;
				CURRENT_PROJECT_VERSION = 1;
				DEVELOPMENT_TEAM = 8LUDXDJLL4;
				GENERATE_INFOPLIST_FILE = YES;
				MARKETING_VERSION = 1.0;
				PRODUCT_BUNDLE_IDENTIFIER = com.joaorouxinol.ComicsAppUITests;
				PRODUCT_NAME = "$(TARGET_NAME)";
				SWIFT_EMIT_LOC_STRINGS = NO;
				SWIFT_VERSION = 5.0;
				TARGETED_DEVICE_FAMILY = "1,2";
				TEST_TARGET_NAME = ComicsApp;
			};
			name = Debug;
		};
		6B81B1A02D79DCBB0034BCB9 /* Release */ = {
			isa = XCBuildConfiguration;
			baseConfigurationReference = C6CE69D3A2B4E263F426A7E6 /* Pods-ComicsApp-ComicsAppUITests.release.xcconfig */;
			buildSettings = {
				ALWAYS_EMBED_SWIFT_STANDARD_LIBRARIES = YES;
				CODE_SIGN_STYLE = Automatic;
				CURRENT_PROJECT_VERSION = 1;
				DEVELOPMENT_TEAM = 8LUDXDJLL4;
				GENERATE_INFOPLIST_FILE = YES;
				MARKETING_VERSION = 1.0;
				PRODUCT_BUNDLE_IDENTIFIER = com.joaorouxinol.ComicsAppUITests;
				PRODUCT_NAME = "$(TARGET_NAME)";
				SWIFT_EMIT_LOC_STRINGS = NO;
				SWIFT_VERSION = 5.0;
				TARGETED_DEVICE_FAMILY = "1,2";
				TEST_TARGET_NAME = ComicsApp;
			};
			name = Release;
		};
/* End XCBuildConfiguration section */

/* Begin XCConfigurationList section */
		6B81B1692D79DCBA0034BCB9 /* Build configuration list for PBXProject "ComicsApp" */ = {
			isa = XCConfigurationList;
			buildConfigurations = (
				6B81B1962D79DCBB0034BCB9 /* Debug */,
				6B81B1972D79DCBB0034BCB9 /* Release */,
			);
			defaultConfigurationIsVisible = 0;
			defaultConfigurationName = Release;
		};
		6B81B1982D79DCBB0034BCB9 /* Build configuration list for PBXNativeTarget "ComicsApp" */ = {
			isa = XCConfigurationList;
			buildConfigurations = (
				6B81B1992D79DCBB0034BCB9 /* Debug */,
				6B81B19A2D79DCBB0034BCB9 /* Release */,
			);
			defaultConfigurationIsVisible = 0;
			defaultConfigurationName = Release;
		};
		6B81B19B2D79DCBB0034BCB9 /* Build configuration list for PBXNativeTarget "ComicsAppTests" */ = {
			isa = XCConfigurationList;
			buildConfigurations = (
				6B81B19C2D79DCBB0034BCB9 /* Debug */,
				6B81B19D2D79DCBB0034BCB9 /* Release */,
			);
			defaultConfigurationIsVisible = 0;
			defaultConfigurationName = Release;
		};
		6B81B19E2D79DCBB0034BCB9 /* Build configuration list for PBXNativeTarget "ComicsAppUITests" */ = {
			isa = XCConfigurationList;
			buildConfigurations = (
				6B81B19F2D79DCBB0034BCB9 /* Debug */,
				6B81B1A02D79DCBB0034BCB9 /* Release */,
			);
			defaultConfigurationIsVisible = 0;
			defaultConfigurationName = Release;
		};
/* End XCConfigurationList section */
	};
	rootObject = 6B81B1662D79DCBA0034BCB9 /* Project object */;
}
