// !$*UTF8*$!
{
	archiveVersion = 1;
	classes = {
	};
	objectVersion = 56;
	objects = {

/* Begin PBXBuildFile section */
		6B81B1722D79DCBA0034BCB9 /* AppDelegate.swift in Sources */ = {isa = PBXBuildFile; fileRef = 6B81B1712D79DCBA0034BCB9 /* AppDelegate.swift */; };
		6B81B1742D79DCBA0034BCB9 /* SceneDelegate.swift in Sources */ = {isa = PBXBuildFile; fileRef = 6B81B1732D79DCBA0034BCB9 /* SceneDelegate.swift */; };
		6B81B1762D79DCBA0034BCB9 /* ViewController.swift in Sources */ = {isa = PBXBuildFile; fileRef = 6B81B1752D79DCBA0034BCB9 /* ViewController.swift */; };
		6B81B1792D79DCBA0034BCB9 /* Base in Resources */ = {isa = PBXBuildFile; fileRef = 6B81B1782D79DCBA0034BCB9 /* Base */; };
		6B81B17B2D79DCBB0034BCB9 /* Assets.xcassets in Resources */ = {isa = PBXBuildFile; fileRef = 6B81B17A2D79DCBB0034BCB9 /* Assets.xcassets */; };
		6B81B17E2D79DCBB0034BCB9 /* Base in Resources */ = {isa = PBXBuildFile; fileRef = 6B81B17D2D79DCBB0034BCB9 /* Base */; };
		6B81B1892D79DCBB0034BCB9 /* ComicsAppTests.swift in Sources */ = {isa = PBXBuildFile; fileRef = 6B81B1882D79DCBB0034BCB9 /* ComicsAppTests.swift */; };
		6B81B1932D79DCBB0034BCB9 /* ComicsAppUITests.swift in Sources */ = {isa = PBXBuildFile; fileRef = 6B81B1922D79DCBB0034BCB9 /* ComicsAppUITests.swift */; };
		6B81B1952D79DCBB0034BCB9 /* ComicsAppUITestsLaunchTests.swift in Sources */ = {isa = PBXBuildFile; fileRef = 6B81B1942D79DCBB0034BCB9 /* ComicsAppUITestsLaunchTests.swift */; };
/* End PBXBuildFile section */

/* Begin PBXContainerItemProxy section */
		6B81B1852D79DCBB0034BCB9 /* PBXContainerItemProxy */ = {
			isa = PBXContainerItemProxy;
			containerPortal = 6B81B1662D79DCBA0034BCB9 /* Project object */;
			proxyType = 1;
			remoteGlobalIDString = 6B81B16D2D79DCBA0034BCB9;
			remoteInfo = ComicsApp;
		};
		6B81B18F2D79DCBB0034BCB9 /* PBXContainerItemProxy */ = {
			isa = PBXContainerItemProxy;
			containerPortal = 6B81B1662D79DCBA0034BCB9 /* Project object */;
			proxyType = 1;
			remoteGlobalIDString = 6B81B16D2D79DCBA0034BCB9;
			remoteInfo = ComicsApp;
		};
/* End PBXContainerItemProxy section */

/* Begin PBXFileReference section */
		6B81B16E2D79DCBA0034BCB9 /* ComicsApp.app */ = {isa = PBXFileReference; explicitFileType = wrapper.application; includeInIndex = 0; path = ComicsApp.app; sourceTree = BUILT_PRODUCTS_DIR; };
		6B81B1712D79DCBA0034BCB9 /* AppDelegate.swift */ = {isa = PBXFileReference; lastKnownFileType = sourcecode.swift; path = AppDelegate.swift; sourceTree = "<group>"; };
		6B81B1732D79DCBA0034BCB9 /* SceneDelegate.swift */ = {isa = PBXFileReference; lastKnownFileType = sourcecode.swift; path = SceneDelegate.swift; sourceTree = "<group>"; };
		6B81B1752D79DCBA0034BCB9 /* ViewController.swift */ = {isa = PBXFileReference; lastKnownFileType = sourcecode.swift; path = ViewController.swift; sourceTree = "<group>"; };
		6B81B1782D79DCBA0034BCB9 /* Base */ = {isa = PBXFileReference; lastKnownFileType = file.storyboard; name = Base; path = Base.lproj/Main.storyboard; sourceTree = "<group>"; };
		6B81B17A2D79DCBB0034BCB9 /* Assets.xcassets */ = {isa = PBXFileReference; lastKnownFileType = folder.assetcatalog; path = Assets.xcassets; sourceTree = "<group>"; };
		6B81B17D2D79DCBB0034BCB9 /* Base */ = {isa = PBXFileReference; lastKnownFileType = file.storyboard; name = Base; path = Base.lproj/LaunchScreen.storyboard; sourceTree = "<group>"; };
		6B81B17F2D79DCBB0034BCB9 /* Info.plist */ = {isa = PBXFileReference; lastKnownFileType = text.plist.xml; path = Info.plist; sourceTree = "<group>"; };
		6B81B1842D79DCBB0034BCB9 /* ComicsAppTests.xctest */ = {isa = PBXFileReference; explicitFileType = wrapper.cfbundle; includeInIndex = 0; path = ComicsAppTests.xctest; sourceTree = BUILT_PRODUCTS_DIR; };
		6B81B1882D79DCBB0034BCB9 /* ComicsAppTests.swift */ = {isa = PBXFileReference; lastKnownFileType = sourcecode.swift; path = ComicsAppTests.swift; sourceTree = "<group>"; };
		6B81B18E2D79DCBB0034BCB9 /* ComicsAppUITests.xctest */ = {isa = PBXFileReference; explicitFileType = wrapper.cfbundle; includeInIndex = 0; path = ComicsAppUITests.xctest; sourceTree = BUILT_PRODUCTS_DIR; };
		6B81B1922D79DCBB0034BCB9 /* ComicsAppUITests.swift */ = {isa = PBXFileReference; lastKnownFileType = sourcecode.swift; path = ComicsAppUITests.swift; sourceTree = "<group>"; };
		6B81B1942D79DCBB0034BCB9 /* ComicsAppUITestsLaunchTests.swift */ = {isa = PBXFileReference; lastKnownFileType = sourcecode.swift; path = ComicsAppUITestsLaunchTests.swift; sourceTree = "<group>"; };
/* End PBXFileReference section */

/* Begin PBXFrameworksBuildPhase section */
		6B81B16B2D79DCBA0034BCB9 /* Frameworks */ = {
			isa = PBXFrameworksBuildPhase;
			buildActionMask = 2147483647;
			files = (
			);
			runOnlyForDeploymentPostprocessing = 0;
		};
		6B81B1812D79DCBB0034BCB9 /* Frameworks */ = {
			isa = PBXFrameworksBuildPhase;
			buildActionMask = 2147483647;
			files = (
			);
			runOnlyForDeploymentPostprocessing = 0;
		};
		6B81B18B2D79DCBB0034BCB9 /* Frameworks */ = {
			isa = PBXFrameworksBuildPhase;
			buildActionMask = 2147483647;
			files = (
			);
			runOnlyForDeploymentPostprocessing = 0;
		};
/* End PBXFrameworksBuildPhase section */

/* Begin PBXGroup section */
		6B81B1652D79DCBA0034BCB9 = {
			isa = PBXGroup;
			children = (
				6B81B1702D79DCBA0034BCB9 /* ComicsApp */,
				6B81B1872D79DCBB0034BCB9 /* ComicsAppTests */,
				6B81B1912D79DCBB0034BCB9 /* ComicsAppUITests */,
				6B81B16F2D79DCBA0034BCB9 /* Products */,
			);
			sourceTree = "<group>";
		};
		6B81B16F2D79DCBA0034BCB9 /* Products */ = {
			isa = PBXGroup;
			children = (
				6B81B16E2D79DCBA0034BCB9 /* ComicsApp.app */,
				6B81B1842D79DCBB0034BCB9 /* ComicsAppTests.xctest */,
				6B81B18E2D79DCBB0034BCB9 /* ComicsAppUITests.xctest */,
			);
			name = Products;
			sourceTree = "<group>";
		};
		6B81B1702D79DCBA0034BCB9 /* ComicsApp */ = {
			isa = PBXGroup;
			children = (
				6B81B1712D79DCBA0034BCB9 /* AppDelegate.swift */,
				6B81B1732D79DCBA0034BCB9 /* SceneDelegate.swift */,
				6B81B1752D79DCBA0034BCB9 /* ViewController.swift */,
				6B81B1772D79DCBA0034BCB9 /* Main.storyboard */,
				6B81B17A2D79DCBB0034BCB9 /* Assets.xcassets */,
				6B81B17C2D79DCBB0034BCB9 /* LaunchScreen.storyboard */,
				6B81B17F2D79DCBB0034BCB9 /* Info.plist */,
			);
			path = ComicsApp;
			sourceTree = "<group>";
		};
		6B81B1872D79DCBB0034BCB9 /* ComicsAppTests */ = {
			isa = PBXGroup;
			children = (
				6B81B1882D79DCBB0034BCB9 /* ComicsAppTests.swift */,
			);
			path = ComicsAppTests;
			sourceTree = "<group>";
		};
		6B81B1912D79DCBB0034BCB9 /* ComicsAppUITests */ = {
			isa = PBXGroup;
			children = (
				6B81B1922D79DCBB0034BCB9 /* ComicsAppUITests.swift */,
				6B81B1942D79DCBB0034BCB9 /* ComicsAppUITestsLaunchTests.swift */,
			);
			path = ComicsAppUITests;
			sourceTree = "<group>";
		};
/* End PBXGroup section */

/* Begin PBXNativeTarget section */
		6B81B16D2D79DCBA0034BCB9 /* ComicsApp */ = {
			isa = PBXNativeTarget;
			buildConfigurationList = 6B81B1982D79DCBB0034BCB9 /* Build configuration list for PBXNativeTarget "ComicsApp" */;
			buildPhases = (
				6B81B16A2D79DCBA0034BCB9 /* Sources */,
				6B81B16B2D79DCBA0034BCB9 /* Frameworks */,
				6B81B16C2D79DCBA0034BCB9 /* Resources */,
			);
			buildRules = (
			);
			dependencies = (
			);
			name = ComicsApp;
			productName = ComicsApp;
			productReference = 6B81B16E2D79DCBA0034BCB9 /* ComicsApp.app */;
			productType = "com.apple.product-type.application";
		};
		6B81B1832D79DCBB0034BCB9 /* ComicsAppTests */ = {
			isa = PBXNativeTarget;
			buildConfigurationList = 6B81B19B2D79DCBB0034BCB9 /* Build configuration list for PBXNativeTarget "ComicsAppTests" */;
			buildPhases = (
				6B81B1802D79DCBB0034BCB9 /* Sources */,
				6B81B1812D79DCBB0034BCB9 /* Frameworks */,
				6B81B1822D79DCBB0034BCB9 /* Resources */,
			);
			buildRules = (
			);
			dependencies = (
				6B81B1862D79DCBB0034BCB9 /* PBXTargetDependency */,
			);
			name = ComicsAppTests;
			productName = ComicsAppTests;
			productReference = 6B81B1842D79DCBB0034BCB9 /* ComicsAppTests.xctest */;
			productType = "com.apple.product-type.bundle.unit-test";
		};
		6B81B18D2D79DCBB0034BCB9 /* ComicsAppUITests */ = {
			isa = PBXNativeTarget;
			buildConfigurationList = 6B81B19E2D79DCBB0034BCB9 /* Build configuration list for PBXNativeTarget "ComicsAppUITests" */;
			buildPhases = (
				6B81B18A2D79DCBB0034BCB9 /* Sources */,
				6B81B18B2D79DCBB0034BCB9 /* Frameworks */,
				6B81B18C2D79DCBB0034BCB9 /* Resources */,
			);
			buildRules = (
			);
			dependencies = (
				6B81B1902D79DCBB0034BCB9 /* PBXTargetDependency */,
			);
			name = ComicsAppUITests;
			productName = ComicsAppUITests;
			productReference = 6B81B18E2D79DCBB0034BCB9 /* ComicsAppUITests.xctest */;
			productType = "com.apple.product-type.bundle.ui-testing";
		};
/* End PBXNativeTarget section */

/* Begin PBXProject section */
		6B81B1662D79DCBA0034BCB9 /* Project object */ = {
			isa = PBXProject;
			attributes = {
				BuildIndependentTargetsInParallel = 1;
				LastSwiftUpdateCheck = 1530;
				LastUpgradeCheck = 1530;
				TargetAttributes = {
					6B81B16D2D79DCBA0034BCB9 = {
						CreatedOnToolsVersion = 15.3;
					};
					6B81B1832D79DCBB0034BCB9 = {
						CreatedOnToolsVersion = 15.3;
						TestTargetID = 6B81B16D2D79DCBA0034BCB9;
					};
					6B81B18D2D79DCBB0034BCB9 = {
						CreatedOnToolsVersion = 15.3;
						TestTargetID = 6B81B16D2D79DCBA0034BCB9;
					};
				};
			};
			buildConfigurationList = 6B81B1692D79DCBA0034BCB9 /* Build configuration list for PBXProject "ComicsApp" */;
			compatibilityVersion = "Xcode 14.0";
			developmentRegion = en;
			hasScannedForEncodings = 0;
			knownRegions = (
				en,
				Base,
			);
			mainGroup = 6B81B1652D79DCBA0034BCB9;
			productRefGroup = 6B81B16F2D79DCBA0034BCB9 /* Products */;
			projectDirPath = "";
			projectRoot = "";
			targets = (
				6B81B16D2D79DCBA0034BCB9 /* ComicsApp */,
				6B81B1832D79DCBB0034BCB9 /* ComicsAppTests */,
				6B81B18D2D79DCBB0034BCB9 /* ComicsAppUITests */,
			);
		};
/* End PBXProject section */

/* Begin PBXResourcesBuildPhase section */
		6B81B16C2D79DCBA0034BCB9 /* Resources */ = {
			isa = PBXResourcesBuildPhase;
			buildActionMask = 2147483647;
			files = (
				6B81B17B2D79DCBB0034BCB9 /* Assets.xcassets in Resources */,
				6B81B17E2D79DCBB0034BCB9 /* Base in Resources */,
				6B81B1792D79DCBA0034BCB9 /* Base in Resources */,
			);
			runOnlyForDeploymentPostprocessing = 0;
		};
		6B81B1822D79DCBB0034BCB9 /* Resources */ = {
			isa = PBXResourcesBuildPhase;
			buildActionMask = 2147483647;
			files = (
			);
			runOnlyForDeploymentPostprocessing = 0;
		};
		6B81B18C2D79DCBB0034BCB9 /* Resources */ = {
			isa = PBXResourcesBuildPhase;
			buildActionMask = 2147483647;
			files = (
			);
			runOnlyForDeploymentPostprocessing = 0;
		};
/* End PBXResourcesBuildPhase section */

/* Begin PBXSourcesBuildPhase section */
		6B81B16A2D79DCBA0034BCB9 /* Sources */ = {
			isa = PBXSourcesBuildPhase;
			buildActionMask = 2147483647;
			files = (
				6B81B1762D79DCBA0034BCB9 /* ViewController.swift in Sources */,
				6B81B1722D79DCBA0034BCB9 /* AppDelegate.swift in Sources */,
				6B81B1742D79DCBA0034BCB9 /* SceneDelegate.swift in Sources */,
			);
			runOnlyForDeploymentPostprocessing = 0;
		};
		6B81B1802D79DCBB0034BCB9 /* Sources */ = {
			isa = PBXSourcesBuildPhase;
			buildActionMask = 2147483647;
			files = (
				6B81B1892D79DCBB0034BCB9 /* ComicsAppTests.swift in Sources */,
			);
			runOnlyForDeploymentPostprocessing = 0;
		};
		6B81B18A2D79DCBB0034BCB9 /* Sources */ = {
			isa = PBXSourcesBuildPhase;
			buildActionMask = 2147483647;
			files = (
				6B81B1952D79DCBB0034BCB9 /* ComicsAppUITestsLaunchTests.swift in Sources */,
				6B81B1932D79DCBB0034BCB9 /* ComicsAppUITests.swift in Sources */,
			);
			runOnlyForDeploymentPostprocessing = 0;
		};
/* End PBXSourcesBuildPhase section */

/* Begin PBXTargetDependency section */
		6B81B1862D79DCBB0034BCB9 /* PBXTargetDependency */ = {
			isa = PBXTargetDependency;
			target = 6B81B16D2D79DCBA0034BCB9 /* ComicsApp */;
			targetProxy = 6B81B1852D79DCBB0034BCB9 /* PBXContainerItemProxy */;
		};
		6B81B1902D79DCBB0034BCB9 /* PBXTargetDependency */ = {
			isa = PBXTargetDependency;
			target = 6B81B16D2D79DCBA0034BCB9 /* ComicsApp */;
			targetProxy = 6B81B18F2D79DCBB0034BCB9 /* PBXContainerItemProxy */;
		};
/* End PBXTargetDependency section */

/* Begin PBXVariantGroup section */
		6B81B1772D79DCBA0034BCB9 /* Main.storyboard */ = {
			isa = PBXVariantGroup;
			children = (
				6B81B1782D79DCBA0034BCB9 /* Base */,
			);
			name = Main.storyboard;
			sourceTree = "<group>";
		};
		6B81B17C2D79DCBB0034BCB9 /* LaunchScreen.storyboard */ = {
			isa = PBXVariantGroup;
			children = (
				6B81B17D2D79DCBB0034BCB9 /* Base */,
			);
			name = LaunchScreen.storyboard;
			sourceTree = "<group>";
		};
/* End PBXVariantGroup section */

/* Begin XCBuildConfiguration section */
		6B81B1962D79DCBB0034BCB9 /* Debug */ = {
			isa = XCBuildConfiguration;
			buildSettings = {
				ALWAYS_SEARCH_USER_PATHS = NO;
				ASSETCATALOG_COMPILER_GENERATE_SWIFT_ASSET_SYMBOL_EXTENSIONS = YES;
				CLANG_ANALYZER_NONNULL = YES;
				CLANG_ANALYZER_NUMBER_OBJECT_CONVERSION = YES_AGGRESSIVE;
				CLANG_CXX_LANGUAGE_STANDARD = "gnu++20";
				CLANG_ENABLE_MODULES = YES;
				CLANG_ENABLE_OBJC_ARC = YES;
				CLANG_ENABLE_OBJC_WEAK = YES;
				CLANG_WARN_BLOCK_CAPTURE_AUTORELEASING = YES;
				CLANG_WARN_BOOL_CONVERSION = YES;
				CLANG_WARN_COMMA = YES;
				CLANG_WARN_CONSTANT_CONVERSION = YES;
				CLANG_WARN_DEPRECATED_OBJC_IMPLEMENTATIONS = YES;
				CLANG_WARN_DIRECT_OBJC_ISA_USAGE = YES_ERROR;
				CLANG_WARN_DOCUMENTATION_COMMENTS = YES;
				CLANG_WARN_EMPTY_BODY = YES;
				CLANG_WARN_ENUM_CONVERSION = YES;
				CLANG_WARN_INFINITE_RECURSION = YES;
				CLANG_WARN_INT_CONVERSION = YES;
				CLANG_WARN_NON_LITERAL_NULL_CONVERSION = YES;
				CLANG_WARN_OBJC_IMPLICIT_RETAIN_SELF = YES;
				CLANG_WARN_OBJC_LITERAL_CONVERSION = YES;
				CLANG_WARN_OBJC_ROOT_CLASS = YES_ERROR;
				CLANG_WARN_QUOTED_INCLUDE_IN_FRAMEWORK_HEADER = YES;
				CLANG_WARN_RANGE_LOOP_ANALYSIS = YES;
				CLANG_WARN_STRICT_PROTOTYPES = YES;
				CLANG_WARN_SUSPICIOUS_MOVE = YES;
				CLANG_WARN_UNGUARDED_AVAILABILITY = YES_AGGRESSIVE;
				CLANG_WARN_UNREACHABLE_CODE = YES;
				CLANG_WARN__DUPLICATE_METHOD_MATCH = YES;
				COPY_PHASE_STRIP = NO;
				DEBUG_INFORMATION_FORMAT = dwarf;
				ENABLE_STRICT_OBJC_MSGSEND = YES;
				ENABLE_TESTABILITY = YES;
				ENABLE_USER_SCRIPT_SANDBOXING = YES;
				GCC_C_LANGUAGE_STANDARD = gnu17;
				GCC_DYNAMIC_NO_PIC = NO;
				GCC_NO_COMMON_BLOCKS = YES;
				GCC_OPTIMIZATION_LEVEL = 0;
				GCC_PREPROCESSOR_DEFINITIONS = (
					"DEBUG=1",
					"$(inherited)",
				);
				GCC_WARN_64_TO_32_BIT_CONVERSION = YES;
				GCC_WARN_ABOUT_RETURN_TYPE = YES_ERROR;
				GCC_WARN_UNDECLARED_SELECTOR = YES;
				GCC_WARN_UNINITIALIZED_AUTOS = YES_AGGRESSIVE;
				GCC_WARN_UNUSED_FUNCTION = YES;
				GCC_WARN_UNUSED_VARIABLE = YES;
				IPHONEOS_DEPLOYMENT_TARGET = 17.4;
				LOCALIZATION_PREFERS_STRING_CATALOGS = YES;
				MTL_ENABLE_DEBUG_INFO = INCLUDE_SOURCE;
				MTL_FAST_MATH = YES;
				ONLY_ACTIVE_ARCH = YES;
				SDKROOT = iphoneos;
				SWIFT_ACTIVE_COMPILATION_CONDITIONS = "DEBUG $(inherited)";
				SWIFT_OPTIMIZATION_LEVEL = "-Onone";
			};
			name = Debug;
		};
		6B81B1972D79DCBB0034BCB9 /* Release */ = {
			isa = XCBuildConfiguration;
			buildSettings = {
				ALWAYS_SEARCH_USER_PATHS = NO;
				ASSETCATALOG_COMPILER_GENERATE_SWIFT_ASSET_SYMBOL_EXTENSIONS = YES;
				CLANG_ANALYZER_NONNULL = YES;
				CLANG_ANALYZER_NUMBER_OBJECT_CONVERSION = YES_AGGRESSIVE;
				CLANG_CXX_LANGUAGE_STANDARD = "gnu++20";
				CLANG_ENABLE_MODULES = YES;
				CLANG_ENABLE_OBJC_ARC = YES;
				CLANG_ENABLE_OBJC_WEAK = YES;
				CLANG_WARN_BLOCK_CAPTURE_AUTORELEASING = YES;
				CLANG_WARN_BOOL_CONVERSION = YES;
				CLANG_WARN_COMMA = YES;
				CLANG_WARN_CONSTANT_CONVERSION = YES;
				CLANG_WARN_DEPRECATED_OBJC_IMPLEMENTATIONS = YES;
				CLANG_WARN_DIRECT_OBJC_ISA_USAGE = YES_ERROR;
				CLANG_WARN_DOCUMENTATION_COMMENTS = YES;
				CLANG_WARN_EMPTY_BODY = YES;
				CLANG_WARN_ENUM_CONVERSION = YES;
				CLANG_WARN_INFINITE_RECURSION = YES;
				CLANG_WARN_INT_CONVERSION = YES;
				CLANG_WARN_NON_LITERAL_NULL_CONVERSION = YES;
				CLANG_WARN_OBJC_IMPLICIT_RETAIN_SELF = YES;
				CLANG_WARN_OBJC_LITERAL_CONVERSION = YES;
				CLANG_WARN_OBJC_ROOT_CLASS = YES_ERROR;
				CLANG_WARN_QUOTED_INCLUDE_IN_FRAMEWORK_HEADER = YES;
				CLANG_WARN_RANGE_LOOP_ANALYSIS = YES;
				CLANG_WARN_STRICT_PROTOTYPES = YES;
				CLANG_WARN_SUSPICIOUS_MOVE = YES;
				CLANG_WARN_UNGUARDED_AVAILABILITY = YES_AGGRESSIVE;
				CLANG_WARN_UNREACHABLE_CODE = YES;
				CLANG_WARN__DUPLICATE_METHOD_MATCH = YES;
				COPY_PHASE_STRIP = NO;
				DEBUG_INFORMATION_FORMAT = "dwarf-with-dsym";
				ENABLE_NS_ASSERTIONS = NO;
				ENABLE_STRICT_OBJC_MSGSEND = YES;
				ENABLE_USER_SCRIPT_SANDBOXING = YES;
				GCC_C_LANGUAGE_STANDARD = gnu17;
				GCC_NO_COMMON_BLOCKS = YES;
				GCC_WARN_64_TO_32_BIT_CONVERSION = YES;
				GCC_WARN_ABOUT_RETURN_TYPE = YES_ERROR;
				GCC_WARN_UNDECLARED_SELECTOR = YES;
				GCC_WARN_UNINITIALIZED_AUTOS = YES_AGGRESSIVE;
				GCC_WARN_UNUSED_FUNCTION = YES;
				GCC_WARN_UNUSED_VARIABLE = YES;
				IPHONEOS_DEPLOYMENT_TARGET = 17.4;
				LOCALIZATION_PREFERS_STRING_CATALOGS = YES;
				MTL_ENABLE_DEBUG_INFO = NO;
				MTL_FAST_MATH = YES;
				SDKROOT = iphoneos;
				SWIFT_COMPILATION_MODE = wholemodule;
				VALIDATE_PRODUCT = YES;
			};
			name = Release;
		};
		6B81B1992D79DCBB0034BCB9 /* Debug */ = {
			isa = XCBuildConfiguration;
			buildSettings = {
				ASSETCATALOG_COMPILER_APPICON_NAME = AppIcon;
				ASSETCATALOG_COMPILER_GLOBAL_ACCENT_COLOR_NAME = AccentColor;
				CODE_SIGN_STYLE = Automatic;
				CURRENT_PROJECT_VERSION = 1;
				DEVELOPMENT_TEAM = 8LUDXDJLL4;
				GENERATE_INFOPLIST_FILE = YES;
				INFOPLIST_FILE = ComicsApp/Info.plist;
				INFOPLIST_KEY_UIApplicationSupportsIndirectInputEvents = YES;
				INFOPLIST_KEY_UILaunchStoryboardName = LaunchScreen;
				INFOPLIST_KEY_UIMainStoryboardFile = Main;
				INFOPLIST_KEY_UISupportedInterfaceOrientations_iPad = "UIInterfaceOrientationPortrait UIInterfaceOrientationPortraitUpsideDown UIInterfaceOrientationLandscapeLeft UIInterfaceOrientationLandscapeRight";
				INFOPLIST_KEY_UISupportedInterfaceOrientations_iPhone = "UIInterfaceOrientationPortrait UIInterfaceOrientationLandscapeLeft UIInterfaceOrientationLandscapeRight";
				LD_RUNPATH_SEARCH_PATHS = (
					"$(inherited)",
					"@executable_path/Frameworks",
				);
				MARKETING_VERSION = 1.0;
				PRODUCT_BUNDLE_IDENTIFIER = com.joaorouxinol.ComicsApp;
				PRODUCT_NAME = "$(TARGET_NAME)";
				SWIFT_EMIT_LOC_STRINGS = YES;
				SWIFT_VERSION = 5.0;
				TARGETED_DEVICE_FAMILY = "1,2";
			};
			name = Debug;
		};
		6B81B19A2D79DCBB0034BCB9 /* Release */ = {
			isa = XCBuildConfiguration;
			buildSettings = {
				ASSETCATALOG_COMPILER_APPICON_NAME = AppIcon;
				ASSETCATALOG_COMPILER_GLOBAL_ACCENT_COLOR_NAME = AccentColor;
				CODE_SIGN_STYLE = Automatic;
				CURRENT_PROJECT_VERSION = 1;
				DEVELOPMENT_TEAM = 8LUDXDJLL4;
				GENERATE_INFOPLIST_FILE = YES;
				INFOPLIST_FILE = ComicsApp/Info.plist;
				INFOPLIST_KEY_UIApplicationSupportsIndirectInputEvents = YES;
				INFOPLIST_KEY_UILaunchStoryboardName = LaunchScreen;
				INFOPLIST_KEY_UIMainStoryboardFile = Main;
				INFOPLIST_KEY_UISupportedInterfaceOrientations_iPad = "UIInterfaceOrientationPortrait UIInterfaceOrientationPortraitUpsideDown UIInterfaceOrientationLandscapeLeft UIInterfaceOrientationLandscapeRight";
				INFOPLIST_KEY_UISupportedInterfaceOrientations_iPhone = "UIInterfaceOrientationPortrait UIInterfaceOrientationLandscapeLeft UIInterfaceOrientationLandscapeRight";
				LD_RUNPATH_SEARCH_PATHS = (
					"$(inherited)",
					"@executable_path/Frameworks",
				);
				MARKETING_VERSION = 1.0;
				PRODUCT_BUNDLE_IDENTIFIER = com.joaorouxinol.ComicsApp;
				PRODUCT_NAME = "$(TARGET_NAME)";
				SWIFT_EMIT_LOC_STRINGS = YES;
				SWIFT_VERSION = 5.0;
				TARGETED_DEVICE_FAMILY = "1,2";
			};
			name = Release;
		};
		6B81B19C2D79DCBB0034BCB9 /* Debug */ = {
			isa = XCBuildConfiguration;
			buildSettings = {
				ALWAYS_EMBED_SWIFT_STANDARD_LIBRARIES = YES;
				BUNDLE_LOADER = "$(TEST_HOST)";
				CODE_SIGN_STYLE = Automatic;
				CURRENT_PROJECT_VERSION = 1;
				DEVELOPMENT_TEAM = 8LUDXDJLL4;
				GENERATE_INFOPLIST_FILE = YES;
				IPHONEOS_DEPLOYMENT_TARGET = 17.4;
				MARKETING_VERSION = 1.0;
				PRODUCT_BUNDLE_IDENTIFIER = com.joaorouxinol.ComicsAppTests;
				PRODUCT_NAME = "$(TARGET_NAME)";
				SWIFT_EMIT_LOC_STRINGS = NO;
				SWIFT_VERSION = 5.0;
				TARGETED_DEVICE_FAMILY = "1,2";
				TEST_HOST = "$(BUILT_PRODUCTS_DIR)/ComicsApp.app/$(BUNDLE_EXECUTABLE_FOLDER_PATH)/ComicsApp";
			};
			name = Debug;
		};
		6B81B19D2D79DCBB0034BCB9 /* Release */ = {
			isa = XCBuildConfiguration;
			buildSettings = {
				ALWAYS_EMBED_SWIFT_STANDARD_LIBRARIES = YES;
				BUNDLE_LOADER = "$(TEST_HOST)";
				CODE_SIGN_STYLE = Automatic;
				CURRENT_PROJECT_VERSION = 1;
				DEVELOPMENT_TEAM = 8LUDXDJLL4;
				GENERATE_INFOPLIST_FILE = YES;
				IPHONEOS_DEPLOYMENT_TARGET = 17.4;
				MARKETING_VERSION = 1.0;
				PRODUCT_BUNDLE_IDENTIFIER = com.joaorouxinol.ComicsAppTests;
				PRODUCT_NAME = "$(TARGET_NAME)";
				SWIFT_EMIT_LOC_STRINGS = NO;
				SWIFT_VERSION = 5.0;
				TARGETED_DEVICE_FAMILY = "1,2";
				TEST_HOST = "$(BUILT_PRODUCTS_DIR)/ComicsApp.app/$(BUNDLE_EXECUTABLE_FOLDER_PATH)/ComicsApp";
			};
			name = Release;
		};
		6B81B19F2D79DCBB0034BCB9 /* Debug */ = {
			isa = XCBuildConfiguration;
			buildSettings = {
				ALWAYS_EMBED_SWIFT_STANDARD_LIBRARIES = YES;
				CODE_SIGN_STYLE = Automatic;
				CURRENT_PROJECT_VERSION = 1;
				DEVELOPMENT_TEAM = 8LUDXDJLL4;
				GENERATE_INFOPLIST_FILE = YES;
				MARKETING_VERSION = 1.0;
				PRODUCT_BUNDLE_IDENTIFIER = com.joaorouxinol.ComicsAppUITests;
				PRODUCT_NAME = "$(TARGET_NAME)";
				SWIFT_EMIT_LOC_STRINGS = NO;
				SWIFT_VERSION = 5.0;
				TARGETED_DEVICE_FAMILY = "1,2";
				TEST_TARGET_NAME = ComicsApp;
			};
			name = Debug;
		};
		6B81B1A02D79DCBB0034BCB9 /* Release */ = {
			isa = XCBuildConfiguration;
			buildSettings = {
				ALWAYS_EMBED_SWIFT_STANDARD_LIBRARIES = YES;
				CODE_SIGN_STYLE = Automatic;
				CURRENT_PROJECT_VERSION = 1;
				DEVELOPMENT_TEAM = 8LUDXDJLL4;
				GENERATE_INFOPLIST_FILE = YES;
				MARKETING_VERSION = 1.0;
				PRODUCT_BUNDLE_IDENTIFIER = com.joaorouxinol.ComicsAppUITests;
				PRODUCT_NAME = "$(TARGET_NAME)";
				SWIFT_EMIT_LOC_STRINGS = NO;
				SWIFT_VERSION = 5.0;
				TARGETED_DEVICE_FAMILY = "1,2";
				TEST_TARGET_NAME = ComicsApp;
			};
			name = Release;
		};
/* End XCBuildConfiguration section */

/* Begin XCConfigurationList section */
		6B81B1692D79DCBA0034BCB9 /* Build configuration list for PBXProject "ComicsApp" */ = {
			isa = XCConfigurationList;
			buildConfigurations = (
				6B81B1962D79DCBB0034BCB9 /* Debug */,
				6B81B1972D79DCBB0034BCB9 /* Release */,
			);
			defaultConfigurationIsVisible = 0;
			defaultConfigurationName = Release;
		};
		6B81B1982D79DCBB0034BCB9 /* Build configuration list for PBXNativeTarget "ComicsApp" */ = {
			isa = XCConfigurationList;
			buildConfigurations = (
				6B81B1992D79DCBB0034BCB9 /* Debug */,
				6B81B19A2D79DCBB0034BCB9 /* Release */,
			);
			defaultConfigurationIsVisible = 0;
			defaultConfigurationName = Release;
		};
		6B81B19B2D79DCBB0034BCB9 /* Build configuration list for PBXNativeTarget "ComicsAppTests" */ = {
			isa = XCConfigurationList;
			buildConfigurations = (
				6B81B19C2D79DCBB0034BCB9 /* Debug */,
				6B81B19D2D79DCBB0034BCB9 /* Release */,
			);
			defaultConfigurationIsVisible = 0;
			defaultConfigurationName = Release;
		};
		6B81B19E2D79DCBB0034BCB9 /* Build configuration list for PBXNativeTarget "ComicsAppUITests" */ = {
			isa = XCConfigurationList;
			buildConfigurations = (
				6B81B19F2D79DCBB0034BCB9 /* Debug */,
				6B81B1A02D79DCBB0034BCB9 /* Release */,
			);
			defaultConfigurationIsVisible = 0;
			defaultConfigurationName = Release;
		};
/* End XCConfigurationList section */
	};
	rootObject = 6B81B1662D79DCBA0034BCB9 /* Project object */;
}
